// !$*UTF8*$!
{
	archiveVersion = 1;
	classes = {
	};
	objectVersion = 46;
	objects = {

/* Begin PBXBuildFile section */
		B90AACE71D9D49DB00D0B143 /* main.c in Sources */ = {isa = PBXBuildFile; fileRef = B90AACE61D9D49DB00D0B143 /* main.c */; };
/* End PBXBuildFile section */

/* Begin PBXCopyFilesBuildPhase section */
		B90AACE11D9D49DA00D0B143 /* CopyFiles */ = {
			isa = PBXCopyFilesBuildPhase;
			buildActionMask = 2147483647;
			dstPath = /usr/share/man/man1/;
			dstSubfolderSpec = 0;
			files = (
			);
			runOnlyForDeploymentPostprocessing = 1;
		};
/* End PBXCopyFilesBuildPhase section */

/* Begin PBXFileReference section */
		B90AACE31D9D49DB00D0B143 /* integracion-numerica */ = {isa = PBXFileReference; explicitFileType = "compiled.mach-o.executable"; includeInIndex = 0; path = "integracion-numerica"; sourceTree = BUILT_PRODUCTS_DIR; };
		B90AACE61D9D49DB00D0B143 /* main.c */ = {isa = PBXFileReference; lastKnownFileType = sourcecode.c.c; path = main.c; sourceTree = "<group>"; };
/* End PBXFileReference section */

/* Begin PBXFrameworksBuildPhase section */
		B90AACE01D9D49DA00D0B143 /* Frameworks */ = {
			isa = PBXFrameworksBuildPhase;
			buildActionMask = 2147483647;
			files = (
			);
			runOnlyForDeploymentPostprocessing = 0;
		};
/* End PBXFrameworksBuildPhase section */

/* Begin PBXGroup section */
		B90AACDA1D9D49DA00D0B143 = {
			isa = PBXGroup;
			children = (
				B90AACE51D9D49DB00D0B143 /* integracion-numerica */,
				B90AACE41D9D49DB00D0B143 /* Products */,
			);
			sourceTree = "<group>";
		};
		B90AACE41D9D49DB00D0B143 /* Products */ = {
			isa = PBXGroup;
			children = (
				B90AACE31D9D49DB00D0B143 /* integracion-numerica */,
			);
			name = Products;
			sourceTree = "<group>";
		};
		B90AACE51D9D49DB00D0B143 /* integracion-numerica */ = {
			isa = PBXGroup;
			children = (
				B90AACE61D9D49DB00D0B143 /* main.c */,
			);
			path = "integracion-numerica";
			sourceTree = "<group>";
		};
/* End PBXGroup section */

/* Begin PBXNativeTarget section */
		B90AACE21D9D49DA00D0B143 /* integracion-numerica */ = {
			isa = PBXNativeTarget;
			buildConfigurationList = B90AACEA1D9D49DB00D0B143 /* Build configuration list for PBXNativeTarget "integracion-numerica" */;
			buildPhases = (
				B90AACDF1D9D49DA00D0B143 /* Sources */,
				B90AACE01D9D49DA00D0B143 /* Frameworks */,
				B90AACE11D9D49DA00D0B143 /* CopyFiles */,
			);
			buildRules = (
			);
			dependencies = (
			);
			name = "integracion-numerica";
			productName = "integracion-numerica";
			productReference = B90AACE31D9D49DB00D0B143 /* integracion-numerica */;
			productType = "com.apple.product-type.tool";
		};
/* End PBXNativeTarget section */

/* Begin PBXProject section */
		B90AACDB1D9D49DA00D0B143 /* Project object */ = {
			isa = PBXProject;
			attributes = {
				LastUpgradeCheck = 0800;
				ORGANIZATIONNAME = "Jonathan Hernandez Zapata";
				TargetAttributes = {
					B90AACE21D9D49DA00D0B143 = {
						CreatedOnToolsVersion = 8.0;
						DevelopmentTeam = RMF75P454C;
						ProvisioningStyle = Automatic;
					};
				};
			};
			buildConfigurationList = B90AACDE1D9D49DA00D0B143 /* Build configuration list for PBXProject "integracion-numerica" */;
			compatibilityVersion = "Xcode 3.2";
			developmentRegion = English;
			hasScannedForEncodings = 0;
			knownRegions = (
				en,
			);
			mainGroup = B90AACDA1D9D49DA00D0B143;
			productRefGroup = B90AACE41D9D49DB00D0B143 /* Products */;
			projectDirPath = "";
			projectRoot = "";
			targets = (
				B90AACE21D9D49DA00D0B143 /* integracion-numerica */,
			);
		};
/* End PBXProject section */

/* Begin PBXSourcesBuildPhase section */
		B90AACDF1D9D49DA00D0B143 /* Sources */ = {
			isa = PBXSourcesBuildPhase;
			buildActionMask = 2147483647;
			files = (
				B90AACE71D9D49DB00D0B143 /* main.c in Sources */,
			);
			runOnlyForDeploymentPostprocessing = 0;
		};
/* End PBXSourcesBuildPhase section */

/* Begin XCBuildConfiguration section */
		B90AACE81D9D49DB00D0B143 /* Debug */ = {
			isa = XCBuildConfiguration;
			buildSettings = {
				ALWAYS_SEARCH_USER_PATHS = NO;
				CLANG_ANALYZER_NONNULL = YES;
				CLANG_CXX_LANGUAGE_STANDARD = "gnu++0x";
				CLANG_CXX_LIBRARY = "libc++";
				CLANG_ENABLE_MODULES = YES;
				CLANG_ENABLE_OBJC_ARC = YES;
				CLANG_WARN_BOOL_CONVERSION = YES;
				CLANG_WARN_CONSTANT_CONVERSION = YES;
				CLANG_WARN_DIRECT_OBJC_ISA_USAGE = YES_ERROR;
				CLANG_WARN_DOCUMENTATION_COMMENTS = YES;
				CLANG_WARN_EMPTY_BODY = YES;
				CLANG_WARN_ENUM_CONVERSION = YES;
				CLANG_WARN_INFINITE_RECURSION = YES;
				CLANG_WARN_INT_CONVERSION = YES;
				CLANG_WARN_OBJC_ROOT_CLASS = YES_ERROR;
				CLANG_WARN_SUSPICIOUS_MOVES = YES;
				CLANG_WARN_UNREACHABLE_CODE = YES;
				CLANG_WARN__DUPLICATE_METHOD_MATCH = YES;
				CODE_SIGN_IDENTITY = "-";
				COPY_PHASE_STRIP = NO;
				DEBUG_INFORMATION_FORMAT = dwarf;
				ENABLE_STRICT_OBJC_MSGSEND = YES;
				ENABLE_TESTABILITY = YES;
				GCC_C_LANGUAGE_STANDARD = gnu99;
				GCC_DYNAMIC_NO_PIC = NO;
				GCC_NO_COMMON_BLOCKS = YES;
				GCC_OPTIMIZATION_LEVEL = 0;
				GCC_PREPROCESSOR_DEFINITIONS = (
					"DEBUG=1",
					"$(inherited)",
				);
				GCC_WARN_64_TO_32_BIT_CONVERSION = YES;
				GCC_WARN_ABOUT_RETURN_TYPE = YES_ERROR;
				GCC_WARN_UNDECLARED_SELECTOR = YES;
				GCC_WARN_UNINITIALIZED_AUTOS = YES_AGGRESSIVE;
				GCC_WARN_UNUSED_FUNCTION = YES;
				GCC_WARN_UNUSED_VARIABLE = YES;
				MACOSX_DEPLOYMENT_TARGET = 10.12;
				MTL_ENABLE_DEBUG_INFO = YES;
				ONLY_ACTIVE_ARCH = YES;
				SDKROOT = macosx;
			};
			name = Debug;
		};
		B90AACE91D9D49DB00D0B143 /* Release */ = {
			isa = XCBuildConfiguration;
			buildSettings = {
				ALWAYS_SEARCH_USER_PATHS = NO;
				CLANG_ANALYZER_NONNULL = YES;
				CLANG_CXX_LANGUAGE_STANDARD = "gnu++0x";
				CLANG_CXX_LIBRARY = "libc++";
				CLANG_ENABLE_MODULES = YES;
				CLANG_ENABLE_OBJC_ARC = YES;
				CLANG_WARN_BOOL_CONVERSION = YES;
				CLANG_WARN_CONSTANT_CONVERSION = YES;
				CLANG_WARN_DIRECT_OBJC_ISA_USAGE = YES_ERROR;
				CLANG_WARN_DOCUMENTATION_COMMENTS = YES;
				CLANG_WARN_EMPTY_BODY = YES;
				CLANG_WARN_ENUM_CONVERSION = YES;
				CLANG_WARN_INFINITE_RECURSION = YES;
				CLANG_WARN_INT_CONVERSION = YES;
				CLANG_WARN_OBJC_ROOT_CLASS = YES_ERROR;
				CLANG_WARN_SUSPICIOUS_MOVES = YES;
				CLANG_WARN_UNREACHABLE_CODE = YES;
				CLANG_WARN__DUPLICATE_METHOD_MATCH = YES;
				CODE_SIGN_IDENTITY = "-";
				COPY_PHASE_STRIP = NO;
				DEBUG_INFORMATION_FORMAT = "dwarf-with-dsym";
				ENABLE_NS_ASSERTIONS = NO;
				ENABLE_STRICT_OBJC_MSGSEND = YES;
				GCC_C_LANGUAGE_STANDARD = gnu99;
				GCC_NO_COMMON_BLOCKS = YES;
				GCC_WARN_64_TO_32_BIT_CONVERSION = YES;
				GCC_WARN_ABOUT_RETURN_TYPE = YES_ERROR;
				GCC_WARN_UNDECLARED_SELECTOR = YES;
				GCC_WARN_UNINITIALIZED_AUTOS = YES_AGGRESSIVE;
				GCC_WARN_UNUSED_FUNCTION = YES;
				GCC_WARN_UNUSED_VARIABLE = YES;
				MACOSX_DEPLOYMENT_TARGET = 10.12;
				MTL_ENABLE_DEBUG_INFO = NO;
				SDKROOT = macosx;
			};
			name = Release;
		};
		B90AACEB1D9D49DB00D0B143 /* Debug */ = {
			isa = XCBuildConfiguration;
			buildSettings = {
				DEVELOPMENT_TEAM = RMF75P454C;
				PRODUCT_NAME = "$(TARGET_NAME)";
			};
			name = Debug;
		};
		B90AACEC1D9D49DB00D0B143 /* Release */ = {
			isa = XCBuildConfiguration;
			buildSettings = {
				DEVELOPMENT_TEAM = RMF75P454C;
				PRODUCT_NAME = "$(TARGET_NAME)";
			};
			name = Release;
		};
/* End XCBuildConfiguration section */

/* Begin XCConfigurationList section */
		B90AACDE1D9D49DA00D0B143 /* Build configuration list for PBXProject "integracion-numerica" */ = {
			isa = XCConfigurationList;
			buildConfigurations = (
				B90AACE81D9D49DB00D0B143 /* Debug */,
				B90AACE91D9D49DB00D0B143 /* Release */,
			);
			defaultConfigurationIsVisible = 0;
			defaultConfigurationName = Release;
		};
		B90AACEA1D9D49DB00D0B143 /* Build configuration list for PBXNativeTarget "integracion-numerica" */ = {
			isa = XCConfigurationList;
			buildConfigurations = (
				B90AACEB1D9D49DB00D0B143 /* Debug */,
				B90AACEC1D9D49DB00D0B143 /* Release */,
			);
			defaultConfigurationIsVisible = 0;
		};
/* End XCConfigurationList section */
	};
	rootObject = B90AACDB1D9D49DA00D0B143 /* Project object */;
}
